// !$*UTF8*$!
{
	archiveVersion = 1;
	classes = {
	};
	objectVersion = 56;
	objects = {

/* Begin PBXBuildFile section */
		E90E9507291B12030022C7F5 /* SkinViewController.swift in Sources */ = {isa = PBXBuildFile; fileRef = E90E9505291B12030022C7F5 /* SkinViewController.swift */; };
		E90E9508291B12030022C7F5 /* SkinViewController.xib in Resources */ = {isa = PBXBuildFile; fileRef = E90E9506291B12030022C7F5 /* SkinViewController.xib */; };
		E90FFD5C291DB65100ED225D /* HomeScreenViewModel.swift in Sources */ = {isa = PBXBuildFile; fileRef = E90FFD5B291DB65100ED225D /* HomeScreenViewModel.swift */; };
		E90FFD5E291DB69A00ED225D /* HomeScreenTest.swift in Sources */ = {isa = PBXBuildFile; fileRef = E90FFD5D291DB69A00ED225D /* HomeScreenTest.swift */; };
		E90FFD60291DBB0600ED225D /* HomeScreen.swift in Sources */ = {isa = PBXBuildFile; fileRef = E90FFD5F291DBB0600ED225D /* HomeScreen.swift */; };
		E9160E2C291D50A8006CF845 /* SettingsTest.swift in Sources */ = {isa = PBXBuildFile; fileRef = E9160E2B291D50A8006CF845 /* SettingsTest.swift */; };
		E9160E2E291D511A006CF845 /* SettingsViewModel.swift in Sources */ = {isa = PBXBuildFile; fileRef = E9160E2D291D511A006CF845 /* SettingsViewModel.swift */; };
		E9160E30291D52C2006CF845 /* Settings.swift in Sources */ = {isa = PBXBuildFile; fileRef = E9160E2F291D52C2006CF845 /* Settings.swift */; };
		E9160E35291D6845006CF845 /* SettingsError.swift in Sources */ = {isa = PBXBuildFile; fileRef = E9160E34291D6845006CF845 /* SettingsError.swift */; };
		E9179F16291177AB00E178F8 /* Persistence.swift in Sources */ = {isa = PBXBuildFile; fileRef = E9179F15291177AB00E178F8 /* Persistence.swift */; };
		E9179F1929117BF900E178F8 /* MainDataStore.xcdatamodeld in Sources */ = {isa = PBXBuildFile; fileRef = E9179F1729117BF900E178F8 /* MainDataStore.xcdatamodeld */; };
		E92B6F4929129948001CC206 /* ChampionDetailTest.swift in Sources */ = {isa = PBXBuildFile; fileRef = E92B6F4829129948001CC206 /* ChampionDetailTest.swift */; };
		E92B6F4B29129A53001CC206 /* ChampionDetailViewModel.swift in Sources */ = {isa = PBXBuildFile; fileRef = E92B6F4A29129A53001CC206 /* ChampionDetailViewModel.swift */; };
		E92B6F4D29129AD2001CC206 /* ChampionDetail.swift in Sources */ = {isa = PBXBuildFile; fileRef = E92B6F4C29129AD2001CC206 /* ChampionDetail.swift */; };
		E930E9E6291C55A30003B643 /* SettingsViewController.swift in Sources */ = {isa = PBXBuildFile; fileRef = E930E9E5291C55A30003B643 /* SettingsViewController.swift */; };
		E9339F59290866BF001AB3C9 /* ChampionDetailViewController.swift in Sources */ = {isa = PBXBuildFile; fileRef = E9339F58290866BF001AB3C9 /* ChampionDetailViewController.swift */; };
		E936E3082929021700E83B7B /* AlertType.swift in Sources */ = {isa = PBXBuildFile; fileRef = E936E3072929021700E83B7B /* AlertType.swift */; };
		E93B366828FC4C00003BB0A3 /* Champion.swift in Sources */ = {isa = PBXBuildFile; fileRef = E93B365C28FC4748003BB0A3 /* Champion.swift */; };
		E93B366928FC4C00003BB0A3 /* RiotCdnApiError.swift in Sources */ = {isa = PBXBuildFile; fileRef = E93B365A28FC4748003BB0A3 /* RiotCdnApiError.swift */; };
		E93B366D28FC4C00003BB0A3 /* ChampionFullJsonDecodable.swift in Sources */ = {isa = PBXBuildFile; fileRef = E93B365928FC4748003BB0A3 /* ChampionFullJsonDecodable.swift */; };
		E9554FC828FD80BF00A5E071 /* Localizable.strings in Resources */ = {isa = PBXBuildFile; fileRef = E9554FCA28FD80BF00A5E071 /* Localizable.strings */; };
		E967B0EC292563D00029D56A /* Friz-Quadrata-Bold.otf in Resources */ = {isa = PBXBuildFile; fileRef = E967B0EB292563D00029D56A /* Friz-Quadrata-Bold.otf */; };
		E979DCD0292A776800E6166F /* RoundedView.swift in Sources */ = {isa = PBXBuildFile; fileRef = E979DCCF292A776800E6166F /* RoundedView.swift */; };
		E981EB422909C3A1002980DC /* UserDefaultKeys.swift in Sources */ = {isa = PBXBuildFile; fileRef = E981EB412909C3A1002980DC /* UserDefaultKeys.swift */; };
		E990E9FA28FC247400F63D70 /* AppDelegate.swift in Sources */ = {isa = PBXBuildFile; fileRef = E990E9F928FC247400F63D70 /* AppDelegate.swift */; };
		E990E9FC28FC247400F63D70 /* SceneDelegate.swift in Sources */ = {isa = PBXBuildFile; fileRef = E990E9FB28FC247400F63D70 /* SceneDelegate.swift */; };
		E990EA0128FC247400F63D70 /* Main.storyboard in Resources */ = {isa = PBXBuildFile; fileRef = E990E9FF28FC247400F63D70 /* Main.storyboard */; };
		E990EA0328FC247500F63D70 /* Assets.xcassets in Resources */ = {isa = PBXBuildFile; fileRef = E990EA0228FC247500F63D70 /* Assets.xcassets */; };
		E990EA0628FC247500F63D70 /* LaunchScreen.storyboard in Resources */ = {isa = PBXBuildFile; fileRef = E990EA0428FC247500F63D70 /* LaunchScreen.storyboard */; };
		E99AFAAB2927D12100CEB15F /* FrizQuadrataRegular.ttf in Resources */ = {isa = PBXBuildFile; fileRef = E99AFAAA2927D12100CEB15F /* FrizQuadrataRegular.ttf */; };
		E9A0C5D728FEB5FB00E468ED /* HomeScreenViewController.swift in Sources */ = {isa = PBXBuildFile; fileRef = E9A0C5D628FEB5FB00E468ED /* HomeScreenViewController.swift */; };
		E9B5A58E290D83DD00F0A61A /* ChampionsLoadingViewController.swift in Sources */ = {isa = PBXBuildFile; fileRef = E9B5A58D290D83DD00F0A61A /* ChampionsLoadingViewController.swift */; };
		E9B927B52922B4D0001EF8C5 /* SkinPageViewController.swift in Sources */ = {isa = PBXBuildFile; fileRef = E9B927B42922B4D0001EF8C5 /* SkinPageViewController.swift */; };
		E9B927B72922C64B001EF8C5 /* ChampionAssetType.swift in Sources */ = {isa = PBXBuildFile; fileRef = E9B927B62922C64B001EF8C5 /* ChampionAssetType.swift */; };
		E9BEA3F1290B123300FE723D /* RiotCdnApi.swift in Sources */ = {isa = PBXBuildFile; fileRef = E9BEA3F0290B123300FE723D /* RiotCdnApi.swift */; };
		E9CD8C50290ACCCE0042C46B /* RiotCdnApiMock.swift in Sources */ = {isa = PBXBuildFile; fileRef = E9CD8C4F290ACCCE0042C46B /* RiotCdnApiMock.swift */; };
		E9CD8C52290AF6440042C46B /* championFull.json in Resources */ = {isa = PBXBuildFile; fileRef = E9CD8C51290AF6440042C46B /* championFull.json */; };
		E9DC37382902EA8C008384FC /* ChampionIconCell.swift in Sources */ = {isa = PBXBuildFile; fileRef = E9DC37362902EA8B008384FC /* ChampionIconCell.swift */; };
		E9DC37392902EA8C008384FC /* ChampionIconCell.xib in Resources */ = {isa = PBXBuildFile; fileRef = E9DC37372902EA8C008384FC /* ChampionIconCell.xib */; };
		E9FBEFE729213E0C00A2D0DB /* CoreDataApi.swift in Sources */ = {isa = PBXBuildFile; fileRef = E9FBEFE629213E0C00A2D0DB /* CoreDataApi.swift */; };
		E9FBEFE929213FA000A2D0DB /* CoreDataApiError.swift in Sources */ = {isa = PBXBuildFile; fileRef = E9FBEFE829213FA000A2D0DB /* CoreDataApiError.swift */; };
		E9FBEFEB29215D0200A2D0DB /* UserDefaultsError.swift in Sources */ = {isa = PBXBuildFile; fileRef = E9FBEFEA29215D0200A2D0DB /* UserDefaultsError.swift */; };
		E9FF04422904B37500DE07A4 /* ChampionAsset.swift in Sources */ = {isa = PBXBuildFile; fileRef = E9FF04412904B37500DE07A4 /* ChampionAsset.swift */; };
/* End PBXBuildFile section */

/* Begin PBXContainerItemProxy section */
		E93B364B28FC3590003BB0A3 /* PBXContainerItemProxy */ = {
			isa = PBXContainerItemProxy;
			containerPortal = E990E9EE28FC247300F63D70 /* Project object */;
			proxyType = 1;
			remoteGlobalIDString = E990E9F528FC247300F63D70;
			remoteInfo = "Lore-of-Legends";
		};
/* End PBXContainerItemProxy section */

/* Begin PBXFileReference section */
		E90E9505291B12030022C7F5 /* SkinViewController.swift */ = {isa = PBXFileReference; lastKnownFileType = sourcecode.swift; path = SkinViewController.swift; sourceTree = "<group>"; };
		E90E9506291B12030022C7F5 /* SkinViewController.xib */ = {isa = PBXFileReference; lastKnownFileType = file.xib; path = SkinViewController.xib; sourceTree = "<group>"; };
		E90FFD5B291DB65100ED225D /* HomeScreenViewModel.swift */ = {isa = PBXFileReference; lastKnownFileType = sourcecode.swift; path = HomeScreenViewModel.swift; sourceTree = "<group>"; };
		E90FFD5D291DB69A00ED225D /* HomeScreenTest.swift */ = {isa = PBXFileReference; lastKnownFileType = sourcecode.swift; path = HomeScreenTest.swift; sourceTree = "<group>"; };
		E90FFD5F291DBB0600ED225D /* HomeScreen.swift */ = {isa = PBXFileReference; lastKnownFileType = sourcecode.swift; path = HomeScreen.swift; sourceTree = "<group>"; };
		E9160E2B291D50A8006CF845 /* SettingsTest.swift */ = {isa = PBXFileReference; lastKnownFileType = sourcecode.swift; path = SettingsTest.swift; sourceTree = "<group>"; };
		E9160E2D291D511A006CF845 /* SettingsViewModel.swift */ = {isa = PBXFileReference; lastKnownFileType = sourcecode.swift; path = SettingsViewModel.swift; sourceTree = "<group>"; };
		E9160E2F291D52C2006CF845 /* Settings.swift */ = {isa = PBXFileReference; lastKnownFileType = sourcecode.swift; path = Settings.swift; sourceTree = "<group>"; };
		E9160E34291D6845006CF845 /* SettingsError.swift */ = {isa = PBXFileReference; lastKnownFileType = sourcecode.swift; path = SettingsError.swift; sourceTree = "<group>"; };
		E9179F15291177AB00E178F8 /* Persistence.swift */ = {isa = PBXFileReference; fileEncoding = 4; lastKnownFileType = sourcecode.swift; path = Persistence.swift; sourceTree = "<group>"; };
		E9179F1829117BF900E178F8 /* MainDataStore.xcdatamodel */ = {isa = PBXFileReference; lastKnownFileType = wrapper.xcdatamodel; path = MainDataStore.xcdatamodel; sourceTree = "<group>"; };
		E92B6F4829129948001CC206 /* ChampionDetailTest.swift */ = {isa = PBXFileReference; lastKnownFileType = sourcecode.swift; path = ChampionDetailTest.swift; sourceTree = "<group>"; };
		E92B6F4A29129A53001CC206 /* ChampionDetailViewModel.swift */ = {isa = PBXFileReference; lastKnownFileType = sourcecode.swift; path = ChampionDetailViewModel.swift; sourceTree = "<group>"; };
		E92B6F4C29129AD2001CC206 /* ChampionDetail.swift */ = {isa = PBXFileReference; lastKnownFileType = sourcecode.swift; path = ChampionDetail.swift; sourceTree = "<group>"; };
		E930E9E5291C55A30003B643 /* SettingsViewController.swift */ = {isa = PBXFileReference; lastKnownFileType = sourcecode.swift; path = SettingsViewController.swift; sourceTree = "<group>"; };
		E9339F58290866BF001AB3C9 /* ChampionDetailViewController.swift */ = {isa = PBXFileReference; lastKnownFileType = sourcecode.swift; path = ChampionDetailViewController.swift; sourceTree = "<group>"; };
		E936E3072929021700E83B7B /* AlertType.swift */ = {isa = PBXFileReference; lastKnownFileType = sourcecode.swift; path = AlertType.swift; sourceTree = "<group>"; };
		E93B364728FC3590003BB0A3 /* Lore-of-LegendsTests.xctest */ = {isa = PBXFileReference; explicitFileType = wrapper.cfbundle; includeInIndex = 0; path = "Lore-of-LegendsTests.xctest"; sourceTree = BUILT_PRODUCTS_DIR; };
		E93B365928FC4748003BB0A3 /* ChampionFullJsonDecodable.swift */ = {isa = PBXFileReference; fileEncoding = 4; lastKnownFileType = sourcecode.swift; path = ChampionFullJsonDecodable.swift; sourceTree = "<group>"; };
		E93B365A28FC4748003BB0A3 /* RiotCdnApiError.swift */ = {isa = PBXFileReference; fileEncoding = 4; lastKnownFileType = sourcecode.swift; path = RiotCdnApiError.swift; sourceTree = "<group>"; };
		E93B365C28FC4748003BB0A3 /* Champion.swift */ = {isa = PBXFileReference; fileEncoding = 4; lastKnownFileType = sourcecode.swift; path = Champion.swift; sourceTree = "<group>"; };
		E9554FC928FD80BF00A5E071 /* en */ = {isa = PBXFileReference; lastKnownFileType = text.plist.strings; name = en; path = en.lproj/Localizable.strings; sourceTree = "<group>"; };
		E9554FCB28FD80C500A5E071 /* fr */ = {isa = PBXFileReference; lastKnownFileType = text.plist.strings; name = fr; path = fr.lproj/Localizable.strings; sourceTree = "<group>"; };
		E967B0EB292563D00029D56A /* Friz-Quadrata-Bold.otf */ = {isa = PBXFileReference; lastKnownFileType = file; path = "Friz-Quadrata-Bold.otf"; sourceTree = "<group>"; };
		E979DCCF292A776800E6166F /* RoundedView.swift */ = {isa = PBXFileReference; lastKnownFileType = sourcecode.swift; path = RoundedView.swift; sourceTree = "<group>"; };
		E981EB412909C3A1002980DC /* UserDefaultKeys.swift */ = {isa = PBXFileReference; lastKnownFileType = sourcecode.swift; path = UserDefaultKeys.swift; sourceTree = "<group>"; };
		E990E9F628FC247300F63D70 /* Lore-of-Legends.app */ = {isa = PBXFileReference; explicitFileType = wrapper.application; includeInIndex = 0; path = "Lore-of-Legends.app"; sourceTree = BUILT_PRODUCTS_DIR; };
		E990E9F928FC247400F63D70 /* AppDelegate.swift */ = {isa = PBXFileReference; lastKnownFileType = sourcecode.swift; path = AppDelegate.swift; sourceTree = "<group>"; };
		E990E9FB28FC247400F63D70 /* SceneDelegate.swift */ = {isa = PBXFileReference; lastKnownFileType = sourcecode.swift; path = SceneDelegate.swift; sourceTree = "<group>"; };
		E990EA0028FC247400F63D70 /* Base */ = {isa = PBXFileReference; lastKnownFileType = file.storyboard; name = Base; path = Base.lproj/Main.storyboard; sourceTree = "<group>"; };
		E990EA0228FC247500F63D70 /* Assets.xcassets */ = {isa = PBXFileReference; lastKnownFileType = folder.assetcatalog; path = Assets.xcassets; sourceTree = "<group>"; };
		E990EA0528FC247500F63D70 /* Base */ = {isa = PBXFileReference; lastKnownFileType = file.storyboard; name = Base; path = Base.lproj/LaunchScreen.storyboard; sourceTree = "<group>"; };
		E990EA0728FC247500F63D70 /* Info.plist */ = {isa = PBXFileReference; lastKnownFileType = text.plist.xml; path = Info.plist; sourceTree = "<group>"; };
		E99AFAAA2927D12100CEB15F /* FrizQuadrataRegular.ttf */ = {isa = PBXFileReference; lastKnownFileType = file; path = FrizQuadrataRegular.ttf; sourceTree = "<group>"; };
		E9A0C5D628FEB5FB00E468ED /* HomeScreenViewController.swift */ = {isa = PBXFileReference; lastKnownFileType = sourcecode.swift; path = HomeScreenViewController.swift; sourceTree = "<group>"; };
		E9B5A58D290D83DD00F0A61A /* ChampionsLoadingViewController.swift */ = {isa = PBXFileReference; lastKnownFileType = sourcecode.swift; path = ChampionsLoadingViewController.swift; sourceTree = "<group>"; };
		E9B927B42922B4D0001EF8C5 /* SkinPageViewController.swift */ = {isa = PBXFileReference; lastKnownFileType = sourcecode.swift; path = SkinPageViewController.swift; sourceTree = "<group>"; };
		E9B927B62922C64B001EF8C5 /* ChampionAssetType.swift */ = {isa = PBXFileReference; lastKnownFileType = sourcecode.swift; path = ChampionAssetType.swift; sourceTree = "<group>"; };
		E9BEA3F0290B123300FE723D /* RiotCdnApi.swift */ = {isa = PBXFileReference; lastKnownFileType = sourcecode.swift; path = RiotCdnApi.swift; sourceTree = "<group>"; };
		E9CD8C4F290ACCCE0042C46B /* RiotCdnApiMock.swift */ = {isa = PBXFileReference; lastKnownFileType = sourcecode.swift; path = RiotCdnApiMock.swift; sourceTree = "<group>"; };
		E9CD8C51290AF6440042C46B /* championFull.json */ = {isa = PBXFileReference; fileEncoding = 4; lastKnownFileType = text.json; path = championFull.json; sourceTree = "<group>"; };
		E9DC37362902EA8B008384FC /* ChampionIconCell.swift */ = {isa = PBXFileReference; lastKnownFileType = sourcecode.swift; path = ChampionIconCell.swift; sourceTree = "<group>"; };
		E9DC37372902EA8C008384FC /* ChampionIconCell.xib */ = {isa = PBXFileReference; lastKnownFileType = file.xib; path = ChampionIconCell.xib; sourceTree = "<group>"; };
		E9FBEFE629213E0C00A2D0DB /* CoreDataApi.swift */ = {isa = PBXFileReference; lastKnownFileType = sourcecode.swift; path = CoreDataApi.swift; sourceTree = "<group>"; };
		E9FBEFE829213FA000A2D0DB /* CoreDataApiError.swift */ = {isa = PBXFileReference; lastKnownFileType = sourcecode.swift; path = CoreDataApiError.swift; sourceTree = "<group>"; };
		E9FBEFEA29215D0200A2D0DB /* UserDefaultsError.swift */ = {isa = PBXFileReference; lastKnownFileType = sourcecode.swift; path = UserDefaultsError.swift; sourceTree = "<group>"; };
		E9FF04412904B37500DE07A4 /* ChampionAsset.swift */ = {isa = PBXFileReference; lastKnownFileType = sourcecode.swift; path = ChampionAsset.swift; sourceTree = "<group>"; };
/* End PBXFileReference section */

/* Begin PBXFrameworksBuildPhase section */
		E93B364428FC3590003BB0A3 /* Frameworks */ = {
			isa = PBXFrameworksBuildPhase;
			buildActionMask = 2147483647;
			files = (
			);
			runOnlyForDeploymentPostprocessing = 0;
		};
		E990E9F328FC247300F63D70 /* Frameworks */ = {
			isa = PBXFrameworksBuildPhase;
			buildActionMask = 2147483647;
			files = (
			);
			runOnlyForDeploymentPostprocessing = 0;
		};
/* End PBXFrameworksBuildPhase section */

/* Begin PBXGroup section */
		E908683129167E1B00297FD7 /* ChampionIconCell */ = {
			isa = PBXGroup;
			children = (
				E9DC37362902EA8B008384FC /* ChampionIconCell.swift */,
				E9DC37372902EA8C008384FC /* ChampionIconCell.xib */,
			);
			path = ChampionIconCell;
			sourceTree = "<group>";
		};
		E90E9509291B120E0022C7F5 /* SkinViewController */ = {
			isa = PBXGroup;
			children = (
				E90E9505291B12030022C7F5 /* SkinViewController.swift */,
				E90E9506291B12030022C7F5 /* SkinViewController.xib */,
			);
			path = SkinViewController;
			sourceTree = "<group>";
		};
		E90FFD5A291DB56C00ED225D /* Settings */ = {
			isa = PBXGroup;
			children = (
				E9160E2B291D50A8006CF845 /* SettingsTest.swift */,
			);
			path = Settings;
			sourceTree = "<group>";
		};
		E90FFD61291DBB0F00ED225D /* HomeScreen */ = {
			isa = PBXGroup;
			children = (
				E90FFD5F291DBB0600ED225D /* HomeScreen.swift */,
			);
			path = HomeScreen;
			sourceTree = "<group>";
		};
		E9160E31291D531B006CF845 /* Settings */ = {
			isa = PBXGroup;
			children = (
				E9160E2F291D52C2006CF845 /* Settings.swift */,
				E9160E34291D6845006CF845 /* SettingsError.swift */,
			);
			path = Settings;
			sourceTree = "<group>";
		};
		E92B6F502912B6D9001CC206 /* ChampionDetail */ = {
			isa = PBXGroup;
			children = (
				E92B6F4C29129AD2001CC206 /* ChampionDetail.swift */,
			);
			path = ChampionDetail;
			sourceTree = "<group>";
		};
		E93B364828FC3590003BB0A3 /* Lore-of-LegendsTests */ = {
			isa = PBXGroup;
			children = (
				E9CD8C51290AF6440042C46B /* championFull.json */,
				E9F9188E2912D8AF00B09251 /* shared */,
				E9F9188A2912D6FE00B09251 /* ChampionDetail */,
				E90FFD5A291DB56C00ED225D /* Settings */,
				E9F8FEA6291EE917004E62B7 /* HomeScreen */,
			);
			path = "Lore-of-LegendsTests";
			sourceTree = "<group>";
		};
		E93B365528FC4748003BB0A3 /* Model */ = {
			isa = PBXGroup;
			children = (
				E9BEA3F5290B1EE400FE723D /* Misc */,
				E9F9188B2912D82600B09251 /* Shared */,
				E983BA78290BF1050008983B /* Entities */,
				E92B6F502912B6D9001CC206 /* ChampionDetail */,
				E9160E31291D531B006CF845 /* Settings */,
				E90FFD61291DBB0F00ED225D /* HomeScreen */,
			);
			path = Model;
			sourceTree = "<group>";
		};
		E93B367628FC51F1003BB0A3 /* ViewModel */ = {
			isa = PBXGroup;
			children = (
				E92B6F4A29129A53001CC206 /* ChampionDetailViewModel.swift */,
				E9160E2D291D511A006CF845 /* SettingsViewModel.swift */,
				E90FFD5B291DB65100ED225D /* HomeScreenViewModel.swift */,
			);
			path = ViewModel;
			sourceTree = "<group>";
		};
		E9554FC528FD784700A5E071 /* Localization */ = {
			isa = PBXGroup;
			children = (
				E9554FCA28FD80BF00A5E071 /* Localizable.strings */,
			);
			path = Localization;
			sourceTree = "<group>";
		};
		E967B0E9292563A00029D56A /* Resources */ = {
			isa = PBXGroup;
			children = (
				E967B0EA292563AA0029D56A /* Font */,
			);
			path = Resources;
			sourceTree = "<group>";
		};
		E967B0EA292563AA0029D56A /* Font */ = {
			isa = PBXGroup;
			children = (
				E99AFAAA2927D12100CEB15F /* FrizQuadrataRegular.ttf */,
				E967B0EB292563D00029D56A /* Friz-Quadrata-Bold.otf */,
			);
			path = Font;
			sourceTree = "<group>";
		};
		E981EB402909A2F0002980DC /* CoreData */ = {
			isa = PBXGroup;
			children = (
				E9179F15291177AB00E178F8 /* Persistence.swift */,
				E9179F1729117BF900E178F8 /* MainDataStore.xcdatamodeld */,
			);
			path = CoreData;
			sourceTree = "<group>";
		};
		E983BA78290BF1050008983B /* Entities */ = {
			isa = PBXGroup;
			children = (
				E9BEA3F3290B1E9400FE723D /* Champion */,
			);
			path = Entities;
			sourceTree = "<group>";
		};
		E990E9ED28FC247300F63D70 = {
			isa = PBXGroup;
			children = (
				E990E9F828FC247400F63D70 /* Lore of Legends */,
				E93B364828FC3590003BB0A3 /* Lore-of-LegendsTests */,
				E990E9F728FC247300F63D70 /* Products */,
			);
			sourceTree = "<group>";
		};
		E990E9F728FC247300F63D70 /* Products */ = {
			isa = PBXGroup;
			children = (
				E990E9F628FC247300F63D70 /* Lore-of-Legends.app */,
				E93B364728FC3590003BB0A3 /* Lore-of-LegendsTests.xctest */,
			);
			name = Products;
			sourceTree = "<group>";
		};
		E990E9F828FC247400F63D70 /* Lore of Legends */ = {
			isa = PBXGroup;
			children = (
				E967B0E9292563A00029D56A /* Resources */,
				E9554FC528FD784700A5E071 /* Localization */,
				E93B367628FC51F1003BB0A3 /* ViewModel */,
				E93B365528FC4748003BB0A3 /* Model */,
				E990EA0D28FC258000F63D70 /* Supporting_files */,
				E990EA0E28FC260000F63D70 /* Controller */,
				E9A0C5D828FEE1EF00E468ED /* View */,
				E990EA0F28FC261500F63D70 /* Storyboard */,
			);
			path = "Lore of Legends";
			sourceTree = "<group>";
		};
		E990EA0D28FC258000F63D70 /* Supporting_files */ = {
			isa = PBXGroup;
			children = (
				E981EB402909A2F0002980DC /* CoreData */,
				E990EA0428FC247500F63D70 /* LaunchScreen.storyboard */,
				E990E9F928FC247400F63D70 /* AppDelegate.swift */,
				E990E9FB28FC247400F63D70 /* SceneDelegate.swift */,
				E990EA0228FC247500F63D70 /* Assets.xcassets */,
				E990EA0728FC247500F63D70 /* Info.plist */,
			);
			path = Supporting_files;
			sourceTree = "<group>";
		};
		E990EA0E28FC260000F63D70 /* Controller */ = {
			isa = PBXGroup;
			children = (
				E9A0C5D628FEB5FB00E468ED /* HomeScreenViewController.swift */,
				E9339F58290866BF001AB3C9 /* ChampionDetailViewController.swift */,
				E9B5A58D290D83DD00F0A61A /* ChampionsLoadingViewController.swift */,
				E9B927B42922B4D0001EF8C5 /* SkinPageViewController.swift */,
				E930E9E5291C55A30003B643 /* SettingsViewController.swift */,
				E90E9509291B120E0022C7F5 /* SkinViewController */,
			);
			path = Controller;
			sourceTree = "<group>";
		};
		E990EA0F28FC261500F63D70 /* Storyboard */ = {
			isa = PBXGroup;
			children = (
				E990E9FF28FC247400F63D70 /* Main.storyboard */,
			);
			path = Storyboard;
			sourceTree = "<group>";
		};
		E9A0C5D828FEE1EF00E468ED /* View */ = {
			isa = PBXGroup;
			children = (
				E908683129167E1B00297FD7 /* ChampionIconCell */,
				E979DCCF292A776800E6166F /* RoundedView.swift */,
			);
			path = View;
			sourceTree = "<group>";
		};
		E9BEA3F3290B1E9400FE723D /* Champion */ = {
			isa = PBXGroup;
			children = (
				E93B365C28FC4748003BB0A3 /* Champion.swift */,
				E9FF04412904B37500DE07A4 /* ChampionAsset.swift */,
				E9B927B62922C64B001EF8C5 /* ChampionAssetType.swift */,
			);
			path = Champion;
			sourceTree = "<group>";
		};
		E9BEA3F5290B1EE400FE723D /* Misc */ = {
			isa = PBXGroup;
			children = (
				E93B365928FC4748003BB0A3 /* ChampionFullJsonDecodable.swift */,
				E93B365A28FC4748003BB0A3 /* RiotCdnApiError.swift */,
				E9FBEFE829213FA000A2D0DB /* CoreDataApiError.swift */,
				E9FBEFEA29215D0200A2D0DB /* UserDefaultsError.swift */,
				E936E3072929021700E83B7B /* AlertType.swift */,
			);
			path = Misc;
			sourceTree = "<group>";
		};
		E9F8FEA6291EE917004E62B7 /* HomeScreen */ = {
			isa = PBXGroup;
			children = (
				E90FFD5D291DB69A00ED225D /* HomeScreenTest.swift */,
			);
			path = HomeScreen;
			sourceTree = "<group>";
		};
		E9F9188A2912D6FE00B09251 /* ChampionDetail */ = {
			isa = PBXGroup;
			children = (
				E92B6F4829129948001CC206 /* ChampionDetailTest.swift */,
			);
			path = ChampionDetail;
			sourceTree = "<group>";
		};
		E9F9188B2912D82600B09251 /* Shared */ = {
			isa = PBXGroup;
			children = (
				E981EB412909C3A1002980DC /* UserDefaultKeys.swift */,
				E9BEA3F0290B123300FE723D /* RiotCdnApi.swift */,
				E9FBEFE629213E0C00A2D0DB /* CoreDataApi.swift */,
			);
			path = Shared;
			sourceTree = "<group>";
		};
		E9F9188E2912D8AF00B09251 /* shared */ = {
			isa = PBXGroup;
			children = (
				E9CD8C4F290ACCCE0042C46B /* RiotCdnApiMock.swift */,
			);
			path = shared;
			sourceTree = "<group>";
		};
/* End PBXGroup section */

/* Begin PBXNativeTarget section */
		E93B364628FC3590003BB0A3 /* Lore-of-LegendsTests */ = {
			isa = PBXNativeTarget;
			buildConfigurationList = E93B364D28FC3590003BB0A3 /* Build configuration list for PBXNativeTarget "Lore-of-LegendsTests" */;
			buildPhases = (
				E93B364328FC3590003BB0A3 /* Sources */,
				E93B364428FC3590003BB0A3 /* Frameworks */,
				E93B364528FC3590003BB0A3 /* Resources */,
			);
			buildRules = (
			);
			dependencies = (
				E93B364C28FC3590003BB0A3 /* PBXTargetDependency */,
			);
			name = "Lore-of-LegendsTests";
			productName = "Lore-of-LegendsTests";
			productReference = E93B364728FC3590003BB0A3 /* Lore-of-LegendsTests.xctest */;
			productType = "com.apple.product-type.bundle.unit-test";
		};
		E990E9F528FC247300F63D70 /* Lore-of-Legends */ = {
			isa = PBXNativeTarget;
			buildConfigurationList = E990EA0A28FC247500F63D70 /* Build configuration list for PBXNativeTarget "Lore-of-Legends" */;
			buildPhases = (
				E990E9F228FC247300F63D70 /* Sources */,
				E990E9F328FC247300F63D70 /* Frameworks */,
				E990E9F428FC247300F63D70 /* Resources */,
			);
			buildRules = (
			);
			dependencies = (
			);
			name = "Lore-of-Legends";
			productName = "Lore of Legends";
			productReference = E990E9F628FC247300F63D70 /* Lore-of-Legends.app */;
			productType = "com.apple.product-type.application";
		};
/* End PBXNativeTarget section */

/* Begin PBXProject section */
		E990E9EE28FC247300F63D70 /* Project object */ = {
			isa = PBXProject;
			attributes = {
				BuildIndependentTargetsInParallel = 1;
				KnownAssetTags = (
					"champion-centered",
					"champion-icon",
					"champion-splash",
				);
				LastSwiftUpdateCheck = 1400;
				LastUpgradeCheck = 1400;
				TargetAttributes = {
					E93B364628FC3590003BB0A3 = {
						CreatedOnToolsVersion = 14.0.1;
						LastSwiftMigration = 1400;
						TestTargetID = E990E9F528FC247300F63D70;
					};
					E990E9F528FC247300F63D70 = {
						CreatedOnToolsVersion = 14.0.1;
					};
				};
			};
			buildConfigurationList = E990E9F128FC247300F63D70 /* Build configuration list for PBXProject "Lore-of-Legends" */;
			compatibilityVersion = "Xcode 14.0";
			developmentRegion = en;
			hasScannedForEncodings = 0;
			knownRegions = (
				en,
				Base,
				fr,
			);
			mainGroup = E990E9ED28FC247300F63D70;
			productRefGroup = E990E9F728FC247300F63D70 /* Products */;
			projectDirPath = "";
			projectRoot = "";
			targets = (
				E990E9F528FC247300F63D70 /* Lore-of-Legends */,
				E93B364628FC3590003BB0A3 /* Lore-of-LegendsTests */,
			);
		};
/* End PBXProject section */

/* Begin PBXResourcesBuildPhase section */
		E93B364528FC3590003BB0A3 /* Resources */ = {
			isa = PBXResourcesBuildPhase;
			buildActionMask = 2147483647;
			files = (
				E9CD8C52290AF6440042C46B /* championFull.json in Resources */,
			);
			runOnlyForDeploymentPostprocessing = 0;
		};
		E990E9F428FC247300F63D70 /* Resources */ = {
			isa = PBXResourcesBuildPhase;
			buildActionMask = 2147483647;
			files = (
				E90E9508291B12030022C7F5 /* SkinViewController.xib in Resources */,
				E990EA0628FC247500F63D70 /* LaunchScreen.storyboard in Resources */,
				E990EA0328FC247500F63D70 /* Assets.xcassets in Resources */,
				E99AFAAB2927D12100CEB15F /* FrizQuadrataRegular.ttf in Resources */,
				E990EA0128FC247400F63D70 /* Main.storyboard in Resources */,
				E967B0EC292563D00029D56A /* Friz-Quadrata-Bold.otf in Resources */,
				E9554FC828FD80BF00A5E071 /* Localizable.strings in Resources */,
				E9DC37392902EA8C008384FC /* ChampionIconCell.xib in Resources */,
			);
			runOnlyForDeploymentPostprocessing = 0;
		};
/* End PBXResourcesBuildPhase section */

/* Begin PBXSourcesBuildPhase section */
		E93B364328FC3590003BB0A3 /* Sources */ = {
			isa = PBXSourcesBuildPhase;
			buildActionMask = 2147483647;
			files = (
				E90FFD5E291DB69A00ED225D /* HomeScreenTest.swift in Sources */,
				E9160E2C291D50A8006CF845 /* SettingsTest.swift in Sources */,
				E9CD8C50290ACCCE0042C46B /* RiotCdnApiMock.swift in Sources */,
				E92B6F4929129948001CC206 /* ChampionDetailTest.swift in Sources */,
			);
			runOnlyForDeploymentPostprocessing = 0;
		};
		E990E9F228FC247300F63D70 /* Sources */ = {
			isa = PBXSourcesBuildPhase;
			buildActionMask = 2147483647;
			files = (
				E9FBEFE929213FA000A2D0DB /* CoreDataApiError.swift in Sources */,
				E9FF04422904B37500DE07A4 /* ChampionAsset.swift in Sources */,
				E9179F16291177AB00E178F8 /* Persistence.swift in Sources */,
				E93B366828FC4C00003BB0A3 /* Champion.swift in Sources */,
				E9FBEFE729213E0C00A2D0DB /* CoreDataApi.swift in Sources */,
				E9179F1929117BF900E178F8 /* MainDataStore.xcdatamodeld in Sources */,
				E92B6F4D29129AD2001CC206 /* ChampionDetail.swift in Sources */,
				E930E9E6291C55A30003B643 /* SettingsViewController.swift in Sources */,
				E979DCD0292A776800E6166F /* RoundedView.swift in Sources */,
				E981EB422909C3A1002980DC /* UserDefaultKeys.swift in Sources */,
				E990E9FA28FC247400F63D70 /* AppDelegate.swift in Sources */,
				E9339F59290866BF001AB3C9 /* ChampionDetailViewController.swift in Sources */,
				E9BEA3F1290B123300FE723D /* RiotCdnApi.swift in Sources */,
				E93B366928FC4C00003BB0A3 /* RiotCdnApiError.swift in Sources */,
				E90E9507291B12030022C7F5 /* SkinViewController.swift in Sources */,
				E9DC37382902EA8C008384FC /* ChampionIconCell.swift in Sources */,
				E90FFD5C291DB65100ED225D /* HomeScreenViewModel.swift in Sources */,
				E9160E35291D6845006CF845 /* SettingsError.swift in Sources */,
				E990E9FC28FC247400F63D70 /* SceneDelegate.swift in Sources */,
				E93B366D28FC4C00003BB0A3 /* ChampionFullJsonDecodable.swift in Sources */,
				E9160E2E291D511A006CF845 /* SettingsViewModel.swift in Sources */,
				E92B6F4B29129A53001CC206 /* ChampionDetailViewModel.swift in Sources */,
				E90FFD60291DBB0600ED225D /* HomeScreen.swift in Sources */,
				E9B5A58E290D83DD00F0A61A /* ChampionsLoadingViewController.swift in Sources */,
				E9160E30291D52C2006CF845 /* Settings.swift in Sources */,
				E9A0C5D728FEB5FB00E468ED /* HomeScreenViewController.swift in Sources */,
				E9B927B52922B4D0001EF8C5 /* SkinPageViewController.swift in Sources */,
				E9FBEFEB29215D0200A2D0DB /* UserDefaultsError.swift in Sources */,
				E936E3082929021700E83B7B /* AlertType.swift in Sources */,
				E9B927B72922C64B001EF8C5 /* ChampionAssetType.swift in Sources */,
			);
			runOnlyForDeploymentPostprocessing = 0;
		};
/* End PBXSourcesBuildPhase section */

/* Begin PBXTargetDependency section */
		E93B364C28FC3590003BB0A3 /* PBXTargetDependency */ = {
			isa = PBXTargetDependency;
			target = E990E9F528FC247300F63D70 /* Lore-of-Legends */;
			targetProxy = E93B364B28FC3590003BB0A3 /* PBXContainerItemProxy */;
		};
/* End PBXTargetDependency section */

/* Begin PBXVariantGroup section */
		E9554FCA28FD80BF00A5E071 /* Localizable.strings */ = {
			isa = PBXVariantGroup;
			children = (
				E9554FC928FD80BF00A5E071 /* en */,
				E9554FCB28FD80C500A5E071 /* fr */,
			);
			name = Localizable.strings;
			sourceTree = "<group>";
		};
		E990E9FF28FC247400F63D70 /* Main.storyboard */ = {
			isa = PBXVariantGroup;
			children = (
				E990EA0028FC247400F63D70 /* Base */,
			);
			name = Main.storyboard;
			sourceTree = "<group>";
		};
		E990EA0428FC247500F63D70 /* LaunchScreen.storyboard */ = {
			isa = PBXVariantGroup;
			children = (
				E990EA0528FC247500F63D70 /* Base */,
			);
			name = LaunchScreen.storyboard;
			sourceTree = "<group>";
		};
/* End PBXVariantGroup section */

/* Begin XCBuildConfiguration section */
		E93B364E28FC3590003BB0A3 /* Debug */ = {
			isa = XCBuildConfiguration;
			buildSettings = {
				BUNDLE_LOADER = "$(TEST_HOST)";
				CLANG_ENABLE_MODULES = YES;
				CODE_SIGN_STYLE = Automatic;
				CURRENT_PROJECT_VERSION = 1;
				DEVELOPMENT_TEAM = 32VPA6HJ38;
				GENERATE_INFOPLIST_FILE = YES;
				IPHONEOS_DEPLOYMENT_TARGET = 16.0;
				LD_RUNPATH_SEARCH_PATHS = (
					"$(inherited)",
					"@executable_path/Frameworks",
					"@loader_path/Frameworks",
				);
				MARKETING_VERSION = 1.0;
				PRODUCT_BUNDLE_IDENTIFIER = "com.bertranddalleau.Lore-of-LegendsTests";
				PRODUCT_NAME = "$(TARGET_NAME)";
				SWIFT_EMIT_LOC_STRINGS = NO;
				SWIFT_OPTIMIZATION_LEVEL = "-Onone";
				SWIFT_VERSION = 5.0;
				TARGETED_DEVICE_FAMILY = "1,2";
				TEST_HOST = "$(BUILT_PRODUCTS_DIR)/Lore-of-Legends.app/$(BUNDLE_EXECUTABLE_FOLDER_PATH)/Lore-of-Legends";
			};
			name = Debug;
		};
		E93B364F28FC3590003BB0A3 /* Release */ = {
			isa = XCBuildConfiguration;
			buildSettings = {
				BUNDLE_LOADER = "$(TEST_HOST)";
				CLANG_ENABLE_MODULES = YES;
				CODE_SIGN_STYLE = Automatic;
				CURRENT_PROJECT_VERSION = 1;
				DEVELOPMENT_TEAM = 32VPA6HJ38;
				GENERATE_INFOPLIST_FILE = YES;
				IPHONEOS_DEPLOYMENT_TARGET = 16.0;
				LD_RUNPATH_SEARCH_PATHS = (
					"$(inherited)",
					"@executable_path/Frameworks",
					"@loader_path/Frameworks",
				);
				MARKETING_VERSION = 1.0;
				PRODUCT_BUNDLE_IDENTIFIER = "com.bertranddalleau.Lore-of-LegendsTests";
				PRODUCT_NAME = "$(TARGET_NAME)";
				SWIFT_EMIT_LOC_STRINGS = NO;
				SWIFT_VERSION = 5.0;
				TARGETED_DEVICE_FAMILY = "1,2";
				TEST_HOST = "$(BUILT_PRODUCTS_DIR)/Lore-of-Legends.app/$(BUNDLE_EXECUTABLE_FOLDER_PATH)/Lore-of-Legends";
			};
			name = Release;
		};
		E990EA0828FC247500F63D70 /* Debug */ = {
			isa = XCBuildConfiguration;
			buildSettings = {
				ALWAYS_SEARCH_USER_PATHS = NO;
				CLANG_ANALYZER_LOCALIZABILITY_NONLOCALIZED = YES;
				CLANG_ANALYZER_NONNULL = YES;
				CLANG_ANALYZER_NUMBER_OBJECT_CONVERSION = YES_AGGRESSIVE;
				CLANG_CXX_LANGUAGE_STANDARD = "gnu++20";
				CLANG_ENABLE_MODULES = YES;
				CLANG_ENABLE_OBJC_ARC = YES;
				CLANG_ENABLE_OBJC_WEAK = YES;
				CLANG_WARN_BLOCK_CAPTURE_AUTORELEASING = YES;
				CLANG_WARN_BOOL_CONVERSION = YES;
				CLANG_WARN_COMMA = YES;
				CLANG_WARN_CONSTANT_CONVERSION = YES;
				CLANG_WARN_DEPRECATED_OBJC_IMPLEMENTATIONS = YES;
				CLANG_WARN_DIRECT_OBJC_ISA_USAGE = YES_ERROR;
				CLANG_WARN_DOCUMENTATION_COMMENTS = YES;
				CLANG_WARN_EMPTY_BODY = YES;
				CLANG_WARN_ENUM_CONVERSION = YES;
				CLANG_WARN_INFINITE_RECURSION = YES;
				CLANG_WARN_INT_CONVERSION = YES;
				CLANG_WARN_NON_LITERAL_NULL_CONVERSION = YES;
				CLANG_WARN_OBJC_IMPLICIT_RETAIN_SELF = YES;
				CLANG_WARN_OBJC_LITERAL_CONVERSION = YES;
				CLANG_WARN_OBJC_ROOT_CLASS = YES_ERROR;
				CLANG_WARN_QUOTED_INCLUDE_IN_FRAMEWORK_HEADER = YES;
				CLANG_WARN_RANGE_LOOP_ANALYSIS = YES;
				CLANG_WARN_STRICT_PROTOTYPES = YES;
				CLANG_WARN_SUSPICIOUS_MOVE = YES;
				CLANG_WARN_UNGUARDED_AVAILABILITY = YES_AGGRESSIVE;
				CLANG_WARN_UNREACHABLE_CODE = YES;
				CLANG_WARN__DUPLICATE_METHOD_MATCH = YES;
				COPY_PHASE_STRIP = NO;
				DEBUG_INFORMATION_FORMAT = dwarf;
				ENABLE_STRICT_OBJC_MSGSEND = YES;
				ENABLE_TESTABILITY = YES;
				GCC_C_LANGUAGE_STANDARD = gnu11;
				GCC_DYNAMIC_NO_PIC = NO;
				GCC_NO_COMMON_BLOCKS = YES;
				GCC_OPTIMIZATION_LEVEL = 0;
				GCC_PREPROCESSOR_DEFINITIONS = (
					"DEBUG=1",
					"$(inherited)",
				);
				GCC_WARN_64_TO_32_BIT_CONVERSION = YES;
				GCC_WARN_ABOUT_RETURN_TYPE = YES_ERROR;
				GCC_WARN_UNDECLARED_SELECTOR = YES;
				GCC_WARN_UNINITIALIZED_AUTOS = YES_AGGRESSIVE;
				GCC_WARN_UNUSED_FUNCTION = YES;
				GCC_WARN_UNUSED_VARIABLE = YES;
				IPHONEOS_DEPLOYMENT_TARGET = 14.0;
				MTL_ENABLE_DEBUG_INFO = INCLUDE_SOURCE;
				MTL_FAST_MATH = YES;
				ONLY_ACTIVE_ARCH = YES;
				SDKROOT = iphoneos;
				SWIFT_ACTIVE_COMPILATION_CONDITIONS = DEBUG;
				SWIFT_OPTIMIZATION_LEVEL = "-Onone";
			};
			name = Debug;
		};
		E990EA0928FC247500F63D70 /* Release */ = {
			isa = XCBuildConfiguration;
			buildSettings = {
				ALWAYS_SEARCH_USER_PATHS = NO;
				CLANG_ANALYZER_LOCALIZABILITY_NONLOCALIZED = YES;
				CLANG_ANALYZER_NONNULL = YES;
				CLANG_ANALYZER_NUMBER_OBJECT_CONVERSION = YES_AGGRESSIVE;
				CLANG_CXX_LANGUAGE_STANDARD = "gnu++20";
				CLANG_ENABLE_MODULES = YES;
				CLANG_ENABLE_OBJC_ARC = YES;
				CLANG_ENABLE_OBJC_WEAK = YES;
				CLANG_WARN_BLOCK_CAPTURE_AUTORELEASING = YES;
				CLANG_WARN_BOOL_CONVERSION = YES;
				CLANG_WARN_COMMA = YES;
				CLANG_WARN_CONSTANT_CONVERSION = YES;
				CLANG_WARN_DEPRECATED_OBJC_IMPLEMENTATIONS = YES;
				CLANG_WARN_DIRECT_OBJC_ISA_USAGE = YES_ERROR;
				CLANG_WARN_DOCUMENTATION_COMMENTS = YES;
				CLANG_WARN_EMPTY_BODY = YES;
				CLANG_WARN_ENUM_CONVERSION = YES;
				CLANG_WARN_INFINITE_RECURSION = YES;
				CLANG_WARN_INT_CONVERSION = YES;
				CLANG_WARN_NON_LITERAL_NULL_CONVERSION = YES;
				CLANG_WARN_OBJC_IMPLICIT_RETAIN_SELF = YES;
				CLANG_WARN_OBJC_LITERAL_CONVERSION = YES;
				CLANG_WARN_OBJC_ROOT_CLASS = YES_ERROR;
				CLANG_WARN_QUOTED_INCLUDE_IN_FRAMEWORK_HEADER = YES;
				CLANG_WARN_RANGE_LOOP_ANALYSIS = YES;
				CLANG_WARN_STRICT_PROTOTYPES = YES;
				CLANG_WARN_SUSPICIOUS_MOVE = YES;
				CLANG_WARN_UNGUARDED_AVAILABILITY = YES_AGGRESSIVE;
				CLANG_WARN_UNREACHABLE_CODE = YES;
				CLANG_WARN__DUPLICATE_METHOD_MATCH = YES;
				COPY_PHASE_STRIP = NO;
				DEBUG_INFORMATION_FORMAT = "dwarf-with-dsym";
				ENABLE_NS_ASSERTIONS = NO;
				ENABLE_STRICT_OBJC_MSGSEND = YES;
				GCC_C_LANGUAGE_STANDARD = gnu11;
				GCC_NO_COMMON_BLOCKS = YES;
				GCC_WARN_64_TO_32_BIT_CONVERSION = YES;
				GCC_WARN_ABOUT_RETURN_TYPE = YES_ERROR;
				GCC_WARN_UNDECLARED_SELECTOR = YES;
				GCC_WARN_UNINITIALIZED_AUTOS = YES_AGGRESSIVE;
				GCC_WARN_UNUSED_FUNCTION = YES;
				GCC_WARN_UNUSED_VARIABLE = YES;
				IPHONEOS_DEPLOYMENT_TARGET = 14.0;
				MTL_ENABLE_DEBUG_INFO = NO;
				MTL_FAST_MATH = YES;
				SDKROOT = iphoneos;
				SWIFT_COMPILATION_MODE = wholemodule;
				SWIFT_OPTIMIZATION_LEVEL = "-O";
				VALIDATE_PRODUCT = YES;
			};
			name = Release;
		};
		E990EA0B28FC247500F63D70 /* Debug */ = {
			isa = XCBuildConfiguration;
			buildSettings = {
				ASSETCATALOG_COMPILER_APPICON_NAME = AppIcon;
				ASSETCATALOG_COMPILER_GLOBAL_ACCENT_COLOR_NAME = AccentColor;
				CODE_SIGN_STYLE = Automatic;
				CURRENT_PROJECT_VERSION = 1;
				DEVELOPMENT_TEAM = 32VPA6HJ38;
				GENERATE_INFOPLIST_FILE = YES;
				INFOPLIST_FILE = "Lore of Legends/Supporting_files/Info.plist";
				INFOPLIST_KEY_CFBundleDisplayName = "Lore of Legends";
				INFOPLIST_KEY_LSApplicationCategoryType = "public.app-category.entertainment";
				INFOPLIST_KEY_NSPhotoLibraryUsageDescription = "We need to access your photo library to save the image.";
				INFOPLIST_KEY_UIApplicationSupportsIndirectInputEvents = YES;
				INFOPLIST_KEY_UILaunchStoryboardName = LaunchScreen.storyboard;
				INFOPLIST_KEY_UIMainStoryboardFile = Main;
				INFOPLIST_KEY_UIStatusBarStyle = UIStatusBarStyleLightContent;
				INFOPLIST_KEY_UISupportedInterfaceOrientations = "UIInterfaceOrientationLandscapeLeft UIInterfaceOrientationLandscapeRight UIInterfaceOrientationPortrait UIInterfaceOrientationPortraitUpsideDown";
				INFOPLIST_KEY_UIUserInterfaceStyle = Dark;
				LD_RUNPATH_SEARCH_PATHS = (
					"$(inherited)",
					"@executable_path/Frameworks",
				);
				MARKETING_VERSION = 1.0;
				PRODUCT_BUNDLE_IDENTIFIER = "com.bertranddalleau.Lore-of-Legends";
				PRODUCT_NAME = "$(TARGET_NAME)";
				SWIFT_EMIT_LOC_STRINGS = YES;
				SWIFT_VERSION = 5.0;
				TARGETED_DEVICE_FAMILY = "1,2";
			};
			name = Debug;
		};
		E990EA0C28FC247500F63D70 /* Release */ = {
			isa = XCBuildConfiguration;
			buildSettings = {
				ASSETCATALOG_COMPILER_APPICON_NAME = AppIcon;
				ASSETCATALOG_COMPILER_GLOBAL_ACCENT_COLOR_NAME = AccentColor;
				CODE_SIGN_STYLE = Automatic;
				CURRENT_PROJECT_VERSION = 1;
				DEVELOPMENT_TEAM = 32VPA6HJ38;
				GENERATE_INFOPLIST_FILE = YES;
				INFOPLIST_FILE = "Lore of Legends/Supporting_files/Info.plist";
				INFOPLIST_KEY_CFBundleDisplayName = "Lore of Legends";
				INFOPLIST_KEY_LSApplicationCategoryType = "public.app-category.entertainment";
				INFOPLIST_KEY_NSPhotoLibraryUsageDescription = "We need to access your photo library to save the image.";
				INFOPLIST_KEY_UIApplicationSupportsIndirectInputEvents = YES;
				INFOPLIST_KEY_UILaunchStoryboardName = LaunchScreen.storyboard;
				INFOPLIST_KEY_UIMainStoryboardFile = Main;
				INFOPLIST_KEY_UIStatusBarStyle = UIStatusBarStyleLightContent;
				INFOPLIST_KEY_UISupportedInterfaceOrientations = "UIInterfaceOrientationLandscapeLeft UIInterfaceOrientationLandscapeRight UIInterfaceOrientationPortrait UIInterfaceOrientationPortraitUpsideDown";
				INFOPLIST_KEY_UIUserInterfaceStyle = Dark;
				LD_RUNPATH_SEARCH_PATHS = (
					"$(inherited)",
					"@executable_path/Frameworks",
				);
				MARKETING_VERSION = 1.0;
				PRODUCT_BUNDLE_IDENTIFIER = "com.bertranddalleau.Lore-of-Legends";
				PRODUCT_NAME = "$(TARGET_NAME)";
				SWIFT_EMIT_LOC_STRINGS = YES;
				SWIFT_VERSION = 5.0;
				TARGETED_DEVICE_FAMILY = "1,2";
			};
			name = Release;
		};
/* End XCBuildConfiguration section */

/* Begin XCConfigurationList section */
		E93B364D28FC3590003BB0A3 /* Build configuration list for PBXNativeTarget "Lore-of-LegendsTests" */ = {
			isa = XCConfigurationList;
			buildConfigurations = (
				E93B364E28FC3590003BB0A3 /* Debug */,
				E93B364F28FC3590003BB0A3 /* Release */,
			);
			defaultConfigurationIsVisible = 0;
			defaultConfigurationName = Release;
		};
		E990E9F128FC247300F63D70 /* Build configuration list for PBXProject "Lore-of-Legends" */ = {
			isa = XCConfigurationList;
			buildConfigurations = (
				E990EA0828FC247500F63D70 /* Debug */,
				E990EA0928FC247500F63D70 /* Release */,
			);
			defaultConfigurationIsVisible = 0;
			defaultConfigurationName = Release;
		};
		E990EA0A28FC247500F63D70 /* Build configuration list for PBXNativeTarget "Lore-of-Legends" */ = {
			isa = XCConfigurationList;
			buildConfigurations = (
				E990EA0B28FC247500F63D70 /* Debug */,
				E990EA0C28FC247500F63D70 /* Release */,
			);
			defaultConfigurationIsVisible = 0;
			defaultConfigurationName = Release;
		};
/* End XCConfigurationList section */

/* Begin XCVersionGroup section */
		E9179F1729117BF900E178F8 /* MainDataStore.xcdatamodeld */ = {
			isa = XCVersionGroup;
			children = (
				E9179F1829117BF900E178F8 /* MainDataStore.xcdatamodel */,
			);
			currentVersion = E9179F1829117BF900E178F8 /* MainDataStore.xcdatamodel */;
			path = MainDataStore.xcdatamodeld;
			sourceTree = "<group>";
			versionGroupType = wrapper.xcdatamodel;
		};
/* End XCVersionGroup section */
	};
	rootObject = E990E9EE28FC247300F63D70 /* Project object */;
}
