// !$*UTF8*$!
{
	archiveVersion = 1;
	classes = {
	};
	objectVersion = 56;
	objects = {

/* Begin PBXBuildFile section */
		E93B365128FC46D5003BB0A3 /* ChampionListTest.swift in Sources */ = {isa = PBXBuildFile; fileRef = E93B365028FC46D5003BB0A3 /* ChampionListTest.swift */; };
		E93B366828FC4C00003BB0A3 /* Champion.swift in Sources */ = {isa = PBXBuildFile; fileRef = E93B365C28FC4748003BB0A3 /* Champion.swift */; };
		E93B366928FC4C00003BB0A3 /* ChampionListError.swift in Sources */ = {isa = PBXBuildFile; fileRef = E93B365A28FC4748003BB0A3 /* ChampionListError.swift */; };
		E93B366A28FC4C00003BB0A3 /* ChampionListApi.swift in Sources */ = {isa = PBXBuildFile; fileRef = E93B365B28FC4748003BB0A3 /* ChampionListApi.swift */; };
		E93B366B28FC4C00003BB0A3 /* ChampionListApiMock.swift in Sources */ = {isa = PBXBuildFile; fileRef = E93B365828FC4748003BB0A3 /* ChampionListApiMock.swift */; };
		E93B366C28FC4C00003BB0A3 /* ChampionList.swift in Sources */ = {isa = PBXBuildFile; fileRef = E93B365728FC4748003BB0A3 /* ChampionList.swift */; };
		E93B366D28FC4C00003BB0A3 /* ChampionFullJsonDecodable.swift in Sources */ = {isa = PBXBuildFile; fileRef = E93B365928FC4748003BB0A3 /* ChampionFullJsonDecodable.swift */; };
		E93B366F28FC4D38003BB0A3 /* championFull.json in Resources */ = {isa = PBXBuildFile; fileRef = E93B367128FC4D38003BB0A3 /* championFull.json */; };
		E93B367728FC5208003BB0A3 /* ChampionListViewModel.swift in Sources */ = {isa = PBXBuildFile; fileRef = E93B367428FC51DA003BB0A3 /* ChampionListViewModel.swift */; };
		E9472D5528FCAD8F002E7F96 /* champions in Resources */ = {isa = PBXBuildFile; fileRef = E9472D5428FCAD8F002E7F96 /* champions */; };
		E990E9FA28FC247400F63D70 /* AppDelegate.swift in Sources */ = {isa = PBXBuildFile; fileRef = E990E9F928FC247400F63D70 /* AppDelegate.swift */; };
		E990E9FC28FC247400F63D70 /* SceneDelegate.swift in Sources */ = {isa = PBXBuildFile; fileRef = E990E9FB28FC247400F63D70 /* SceneDelegate.swift */; };
		E990E9FE28FC247400F63D70 /* ViewController.swift in Sources */ = {isa = PBXBuildFile; fileRef = E990E9FD28FC247400F63D70 /* ViewController.swift */; };
		E990EA0128FC247400F63D70 /* Main.storyboard in Resources */ = {isa = PBXBuildFile; fileRef = E990E9FF28FC247400F63D70 /* Main.storyboard */; };
		E990EA0328FC247500F63D70 /* Assets.xcassets in Resources */ = {isa = PBXBuildFile; fileRef = E990EA0228FC247500F63D70 /* Assets.xcassets */; };
		E990EA0628FC247500F63D70 /* LaunchScreen.storyboard in Resources */ = {isa = PBXBuildFile; fileRef = E990EA0428FC247500F63D70 /* LaunchScreen.storyboard */; };
/* End PBXBuildFile section */

/* Begin PBXContainerItemProxy section */
		E93B364B28FC3590003BB0A3 /* PBXContainerItemProxy */ = {
			isa = PBXContainerItemProxy;
			containerPortal = E990E9EE28FC247300F63D70 /* Project object */;
			proxyType = 1;
			remoteGlobalIDString = E990E9F528FC247300F63D70;
			remoteInfo = "Lore-of-Legends";
		};
/* End PBXContainerItemProxy section */

/* Begin PBXFileReference section */
		E93B364728FC3590003BB0A3 /* Lore-of-LegendsTests.xctest */ = {isa = PBXFileReference; explicitFileType = wrapper.cfbundle; includeInIndex = 0; path = "Lore-of-LegendsTests.xctest"; sourceTree = BUILT_PRODUCTS_DIR; };
		E93B365028FC46D5003BB0A3 /* ChampionListTest.swift */ = {isa = PBXFileReference; fileEncoding = 4; lastKnownFileType = sourcecode.swift; path = ChampionListTest.swift; sourceTree = "<group>"; };
		E93B365728FC4748003BB0A3 /* ChampionList.swift */ = {isa = PBXFileReference; fileEncoding = 4; lastKnownFileType = sourcecode.swift; path = ChampionList.swift; sourceTree = "<group>"; };
		E93B365828FC4748003BB0A3 /* ChampionListApiMock.swift */ = {isa = PBXFileReference; fileEncoding = 4; lastKnownFileType = sourcecode.swift; path = ChampionListApiMock.swift; sourceTree = "<group>"; };
		E93B365928FC4748003BB0A3 /* ChampionFullJsonDecodable.swift */ = {isa = PBXFileReference; fileEncoding = 4; lastKnownFileType = sourcecode.swift; path = ChampionFullJsonDecodable.swift; sourceTree = "<group>"; };
		E93B365A28FC4748003BB0A3 /* ChampionListError.swift */ = {isa = PBXFileReference; fileEncoding = 4; lastKnownFileType = sourcecode.swift; path = ChampionListError.swift; sourceTree = "<group>"; };
		E93B365B28FC4748003BB0A3 /* ChampionListApi.swift */ = {isa = PBXFileReference; fileEncoding = 4; lastKnownFileType = sourcecode.swift; path = ChampionListApi.swift; sourceTree = "<group>"; };
		E93B365C28FC4748003BB0A3 /* Champion.swift */ = {isa = PBXFileReference; fileEncoding = 4; lastKnownFileType = sourcecode.swift; path = Champion.swift; sourceTree = "<group>"; };
		E93B367028FC4D38003BB0A3 /* Base */ = {isa = PBXFileReference; lastKnownFileType = text.json; name = Base; path = Base.lproj/championFull.json; sourceTree = "<group>"; };
		E93B367228FC4D3F003BB0A3 /* en */ = {isa = PBXFileReference; lastKnownFileType = text.json; name = en; path = en.lproj/championFull.json; sourceTree = "<group>"; };
		E93B367328FC4D60003BB0A3 /* fr */ = {isa = PBXFileReference; lastKnownFileType = text.json; name = fr; path = fr.lproj/championFull.json; sourceTree = "<group>"; };
		E93B367428FC51DA003BB0A3 /* ChampionListViewModel.swift */ = {isa = PBXFileReference; fileEncoding = 4; lastKnownFileType = sourcecode.swift; path = ChampionListViewModel.swift; sourceTree = "<group>"; };
		E9472D5428FCAD8F002E7F96 /* champions */ = {isa = PBXFileReference; lastKnownFileType = folder; path = champions; sourceTree = "<group>"; };
		E990E9F628FC247300F63D70 /* Lore-of-Legends.app */ = {isa = PBXFileReference; explicitFileType = wrapper.application; includeInIndex = 0; path = "Lore-of-Legends.app"; sourceTree = BUILT_PRODUCTS_DIR; };
		E990E9F928FC247400F63D70 /* AppDelegate.swift */ = {isa = PBXFileReference; lastKnownFileType = sourcecode.swift; path = AppDelegate.swift; sourceTree = "<group>"; };
		E990E9FB28FC247400F63D70 /* SceneDelegate.swift */ = {isa = PBXFileReference; lastKnownFileType = sourcecode.swift; path = SceneDelegate.swift; sourceTree = "<group>"; };
		E990E9FD28FC247400F63D70 /* ViewController.swift */ = {isa = PBXFileReference; lastKnownFileType = sourcecode.swift; path = ViewController.swift; sourceTree = "<group>"; };
		E990EA0028FC247400F63D70 /* Base */ = {isa = PBXFileReference; lastKnownFileType = file.storyboard; name = Base; path = Base.lproj/Main.storyboard; sourceTree = "<group>"; };
		E990EA0228FC247500F63D70 /* Assets.xcassets */ = {isa = PBXFileReference; lastKnownFileType = folder.assetcatalog; path = Assets.xcassets; sourceTree = "<group>"; };
		E990EA0528FC247500F63D70 /* Base */ = {isa = PBXFileReference; lastKnownFileType = file.storyboard; name = Base; path = Base.lproj/LaunchScreen.storyboard; sourceTree = "<group>"; };
		E990EA0728FC247500F63D70 /* Info.plist */ = {isa = PBXFileReference; lastKnownFileType = text.plist.xml; path = Info.plist; sourceTree = "<group>"; };
/* End PBXFileReference section */

/* Begin PBXFrameworksBuildPhase section */
		E93B364428FC3590003BB0A3 /* Frameworks */ = {
			isa = PBXFrameworksBuildPhase;
			buildActionMask = 2147483647;
			files = (
			);
			runOnlyForDeploymentPostprocessing = 0;
		};
		E990E9F328FC247300F63D70 /* Frameworks */ = {
			isa = PBXFrameworksBuildPhase;
			buildActionMask = 2147483647;
			files = (
			);
			runOnlyForDeploymentPostprocessing = 0;
		};
/* End PBXFrameworksBuildPhase section */

/* Begin PBXGroup section */
		E93B364828FC3590003BB0A3 /* Lore-of-LegendsTests */ = {
			isa = PBXGroup;
			children = (
				E93B365028FC46D5003BB0A3 /* ChampionListTest.swift */,
			);
			path = "Lore-of-LegendsTests";
			sourceTree = "<group>";
		};
		E93B365528FC4748003BB0A3 /* Model */ = {
			isa = PBXGroup;
			children = (
				E93B365628FC4748003BB0A3 /* ChampionList */,
			);
			path = Model;
			sourceTree = "<group>";
		};
		E93B365628FC4748003BB0A3 /* ChampionList */ = {
			isa = PBXGroup;
			children = (
				E93B365728FC4748003BB0A3 /* ChampionList.swift */,
				E93B365828FC4748003BB0A3 /* ChampionListApiMock.swift */,
				E93B365928FC4748003BB0A3 /* ChampionFullJsonDecodable.swift */,
				E93B365A28FC4748003BB0A3 /* ChampionListError.swift */,
				E93B365B28FC4748003BB0A3 /* ChampionListApi.swift */,
				E93B365C28FC4748003BB0A3 /* Champion.swift */,
			);
			path = ChampionList;
			sourceTree = "<group>";
		};
		E93B366628FC4BA1003BB0A3 /* Resources */ = {
			isa = PBXGroup;
			children = (
				E9472D5428FCAD8F002E7F96 /* champions */,
				E93B367128FC4D38003BB0A3 /* championFull.json */,
			);
			path = Resources;
			sourceTree = "<group>";
		};
		E93B367628FC51F1003BB0A3 /* ViewModel */ = {
			isa = PBXGroup;
			children = (
				E93B367428FC51DA003BB0A3 /* ChampionListViewModel.swift */,
			);
			path = ViewModel;
			sourceTree = "<group>";
		};
		E990E9ED28FC247300F63D70 = {
			isa = PBXGroup;
			children = (
				E990E9F828FC247400F63D70 /* Lore of Legends */,
				E93B364828FC3590003BB0A3 /* Lore-of-LegendsTests */,
				E990E9F728FC247300F63D70 /* Products */,
			);
			sourceTree = "<group>";
		};
		E990E9F728FC247300F63D70 /* Products */ = {
			isa = PBXGroup;
			children = (
				E990E9F628FC247300F63D70 /* Lore-of-Legends.app */,
				E93B364728FC3590003BB0A3 /* Lore-of-LegendsTests.xctest */,
			);
			name = Products;
			sourceTree = "<group>";
		};
		E990E9F828FC247400F63D70 /* Lore of Legends */ = {
			isa = PBXGroup;
			children = (
				E93B366628FC4BA1003BB0A3 /* Resources */,
				E93B367628FC51F1003BB0A3 /* ViewModel */,
				E93B365528FC4748003BB0A3 /* Model */,
				E990EA0D28FC258000F63D70 /* Supporting_files */,
				E990EA0E28FC260000F63D70 /* Controller */,
				E990EA0F28FC261500F63D70 /* Storyboard */,
			);
			path = "Lore of Legends";
			sourceTree = "<group>";
		};
		E990EA0D28FC258000F63D70 /* Supporting_files */ = {
			isa = PBXGroup;
			children = (
				E990EA0428FC247500F63D70 /* LaunchScreen.storyboard */,
				E990E9F928FC247400F63D70 /* AppDelegate.swift */,
				E990E9FB28FC247400F63D70 /* SceneDelegate.swift */,
				E990EA0228FC247500F63D70 /* Assets.xcassets */,
				E990EA0728FC247500F63D70 /* Info.plist */,
			);
			path = Supporting_files;
			sourceTree = "<group>";
		};
		E990EA0E28FC260000F63D70 /* Controller */ = {
			isa = PBXGroup;
			children = (
				E990E9FD28FC247400F63D70 /* ViewController.swift */,
			);
			path = Controller;
			sourceTree = "<group>";
		};
		E990EA0F28FC261500F63D70 /* Storyboard */ = {
			isa = PBXGroup;
			children = (
				E990E9FF28FC247400F63D70 /* Main.storyboard */,
			);
			path = Storyboard;
			sourceTree = "<group>";
		};
/* End PBXGroup section */

/* Begin PBXNativeTarget section */
		E93B364628FC3590003BB0A3 /* Lore-of-LegendsTests */ = {
			isa = PBXNativeTarget;
			buildConfigurationList = E93B364D28FC3590003BB0A3 /* Build configuration list for PBXNativeTarget "Lore-of-LegendsTests" */;
			buildPhases = (
				E93B364328FC3590003BB0A3 /* Sources */,
				E93B364428FC3590003BB0A3 /* Frameworks */,
				E93B364528FC3590003BB0A3 /* Resources */,
			);
			buildRules = (
			);
			dependencies = (
				E93B364C28FC3590003BB0A3 /* PBXTargetDependency */,
			);
			name = "Lore-of-LegendsTests";
			productName = "Lore-of-LegendsTests";
			productReference = E93B364728FC3590003BB0A3 /* Lore-of-LegendsTests.xctest */;
			productType = "com.apple.product-type.bundle.unit-test";
		};
		E990E9F528FC247300F63D70 /* Lore-of-Legends */ = {
			isa = PBXNativeTarget;
			buildConfigurationList = E990EA0A28FC247500F63D70 /* Build configuration list for PBXNativeTarget "Lore-of-Legends" */;
			buildPhases = (
				E990E9F228FC247300F63D70 /* Sources */,
				E990E9F328FC247300F63D70 /* Frameworks */,
				E990E9F428FC247300F63D70 /* Resources */,
			);
			buildRules = (
			);
			dependencies = (
			);
			name = "Lore-of-Legends";
			productName = "Lore of Legends";
			productReference = E990E9F628FC247300F63D70 /* Lore-of-Legends.app */;
			productType = "com.apple.product-type.application";
		};
/* End PBXNativeTarget section */

/* Begin PBXProject section */
		E990E9EE28FC247300F63D70 /* Project object */ = {
			isa = PBXProject;
			attributes = {
				BuildIndependentTargetsInParallel = 1;
				LastSwiftUpdateCheck = 1400;
				LastUpgradeCheck = 1400;
				TargetAttributes = {
					E93B364628FC3590003BB0A3 = {
						CreatedOnToolsVersion = 14.0.1;
						LastSwiftMigration = 1400;
						TestTargetID = E990E9F528FC247300F63D70;
					};
					E990E9F528FC247300F63D70 = {
						CreatedOnToolsVersion = 14.0.1;
					};
				};
			};
			buildConfigurationList = E990E9F128FC247300F63D70 /* Build configuration list for PBXProject "Lore-of-Legends" */;
			compatibilityVersion = "Xcode 14.0";
			developmentRegion = en;
			hasScannedForEncodings = 0;
			knownRegions = (
				en,
				Base,
				fr,
			);
			mainGroup = E990E9ED28FC247300F63D70;
			productRefGroup = E990E9F728FC247300F63D70 /* Products */;
			projectDirPath = "";
			projectRoot = "";
			targets = (
				E990E9F528FC247300F63D70 /* Lore-of-Legends */,
				E93B364628FC3590003BB0A3 /* Lore-of-LegendsTests */,
			);
		};
/* End PBXProject section */

/* Begin PBXResourcesBuildPhase section */
		E93B364528FC3590003BB0A3 /* Resources */ = {
			isa = PBXResourcesBuildPhase;
			buildActionMask = 2147483647;
			files = (
			);
			runOnlyForDeploymentPostprocessing = 0;
		};
		E990E9F428FC247300F63D70 /* Resources */ = {
			isa = PBXResourcesBuildPhase;
			buildActionMask = 2147483647;
			files = (
				E990EA0628FC247500F63D70 /* LaunchScreen.storyboard in Resources */,
				E9472D5528FCAD8F002E7F96 /* champions in Resources */,
				E990EA0328FC247500F63D70 /* Assets.xcassets in Resources */,
				E990EA0128FC247400F63D70 /* Main.storyboard in Resources */,
				E93B366F28FC4D38003BB0A3 /* championFull.json in Resources */,
			);
			runOnlyForDeploymentPostprocessing = 0;
		};
/* End PBXResourcesBuildPhase section */

/* Begin PBXSourcesBuildPhase section */
		E93B364328FC3590003BB0A3 /* Sources */ = {
			isa = PBXSourcesBuildPhase;
			buildActionMask = 2147483647;
			files = (
				E93B365128FC46D5003BB0A3 /* ChampionListTest.swift in Sources */,
			);
			runOnlyForDeploymentPostprocessing = 0;
		};
		E990E9F228FC247300F63D70 /* Sources */ = {
			isa = PBXSourcesBuildPhase;
			buildActionMask = 2147483647;
			files = (
				E93B366C28FC4C00003BB0A3 /* ChampionList.swift in Sources */,
				E93B366828FC4C00003BB0A3 /* Champion.swift in Sources */,
				E93B366A28FC4C00003BB0A3 /* ChampionListApi.swift in Sources */,
				E990E9FE28FC247400F63D70 /* ViewController.swift in Sources */,
				E990E9FA28FC247400F63D70 /* AppDelegate.swift in Sources */,
				E93B366B28FC4C00003BB0A3 /* ChampionListApiMock.swift in Sources */,
				E93B366928FC4C00003BB0A3 /* ChampionListError.swift in Sources */,
				E990E9FC28FC247400F63D70 /* SceneDelegate.swift in Sources */,
				E93B366D28FC4C00003BB0A3 /* ChampionFullJsonDecodable.swift in Sources */,
				E93B367728FC5208003BB0A3 /* ChampionListViewModel.swift in Sources */,
			);
			runOnlyForDeploymentPostprocessing = 0;
		};
/* End PBXSourcesBuildPhase section */

/* Begin PBXTargetDependency section */
		E93B364C28FC3590003BB0A3 /* PBXTargetDependency */ = {
			isa = PBXTargetDependency;
			target = E990E9F528FC247300F63D70 /* Lore-of-Legends */;
			targetProxy = E93B364B28FC3590003BB0A3 /* PBXContainerItemProxy */;
		};
/* End PBXTargetDependency section */

/* Begin PBXVariantGroup section */
		E93B367128FC4D38003BB0A3 /* championFull.json */ = {
			isa = PBXVariantGroup;
			children = (
				E93B367028FC4D38003BB0A3 /* Base */,
				E93B367228FC4D3F003BB0A3 /* en */,
				E93B367328FC4D60003BB0A3 /* fr */,
			);
			name = championFull.json;
			sourceTree = "<group>";
		};
		E990E9FF28FC247400F63D70 /* Main.storyboard */ = {
			isa = PBXVariantGroup;
			children = (
				E990EA0028FC247400F63D70 /* Base */,
			);
			name = Main.storyboard;
			sourceTree = "<group>";
		};
		E990EA0428FC247500F63D70 /* LaunchScreen.storyboard */ = {
			isa = PBXVariantGroup;
			children = (
				E990EA0528FC247500F63D70 /* Base */,
			);
			name = LaunchScreen.storyboard;
			sourceTree = "<group>";
		};
/* End PBXVariantGroup section */

/* Begin XCBuildConfiguration section */
		E93B364E28FC3590003BB0A3 /* Debug */ = {
			isa = XCBuildConfiguration;
			buildSettings = {
				BUNDLE_LOADER = "$(TEST_HOST)";
				CLANG_ENABLE_MODULES = YES;
				CODE_SIGN_STYLE = Automatic;
				CURRENT_PROJECT_VERSION = 1;
				DEVELOPMENT_TEAM = 32VPA6HJ38;
				GENERATE_INFOPLIST_FILE = YES;
				IPHONEOS_DEPLOYMENT_TARGET = 16.0;
				LD_RUNPATH_SEARCH_PATHS = (
					"$(inherited)",
					"@executable_path/Frameworks",
					"@loader_path/Frameworks",
				);
				MARKETING_VERSION = 1.0;
				PRODUCT_BUNDLE_IDENTIFIER = "com.bertranddalleau.Lore-of-LegendsTests";
				PRODUCT_NAME = "$(TARGET_NAME)";
				SWIFT_EMIT_LOC_STRINGS = NO;
				SWIFT_OPTIMIZATION_LEVEL = "-Onone";
				SWIFT_VERSION = 5.0;
				TARGETED_DEVICE_FAMILY = "1,2";
				TEST_HOST = "$(BUILT_PRODUCTS_DIR)/Lore-of-Legends.app/$(BUNDLE_EXECUTABLE_FOLDER_PATH)/Lore-of-Legends";
			};
			name = Debug;
		};
		E93B364F28FC3590003BB0A3 /* Release */ = {
			isa = XCBuildConfiguration;
			buildSettings = {
				BUNDLE_LOADER = "$(TEST_HOST)";
				CLANG_ENABLE_MODULES = YES;
				CODE_SIGN_STYLE = Automatic;
				CURRENT_PROJECT_VERSION = 1;
				DEVELOPMENT_TEAM = 32VPA6HJ38;
				GENERATE_INFOPLIST_FILE = YES;
				IPHONEOS_DEPLOYMENT_TARGET = 16.0;
				LD_RUNPATH_SEARCH_PATHS = (
					"$(inherited)",
					"@executable_path/Frameworks",
					"@loader_path/Frameworks",
				);
				MARKETING_VERSION = 1.0;
				PRODUCT_BUNDLE_IDENTIFIER = "com.bertranddalleau.Lore-of-LegendsTests";
				PRODUCT_NAME = "$(TARGET_NAME)";
				SWIFT_EMIT_LOC_STRINGS = NO;
				SWIFT_VERSION = 5.0;
				TARGETED_DEVICE_FAMILY = "1,2";
				TEST_HOST = "$(BUILT_PRODUCTS_DIR)/Lore-of-Legends.app/$(BUNDLE_EXECUTABLE_FOLDER_PATH)/Lore-of-Legends";
			};
			name = Release;
		};
		E990EA0828FC247500F63D70 /* Debug */ = {
			isa = XCBuildConfiguration;
			buildSettings = {
				ALWAYS_SEARCH_USER_PATHS = NO;
				CLANG_ANALYZER_LOCALIZABILITY_NONLOCALIZED = YES;
				CLANG_ANALYZER_NONNULL = YES;
				CLANG_ANALYZER_NUMBER_OBJECT_CONVERSION = YES_AGGRESSIVE;
				CLANG_CXX_LANGUAGE_STANDARD = "gnu++20";
				CLANG_ENABLE_MODULES = YES;
				CLANG_ENABLE_OBJC_ARC = YES;
				CLANG_ENABLE_OBJC_WEAK = YES;
				CLANG_WARN_BLOCK_CAPTURE_AUTORELEASING = YES;
				CLANG_WARN_BOOL_CONVERSION = YES;
				CLANG_WARN_COMMA = YES;
				CLANG_WARN_CONSTANT_CONVERSION = YES;
				CLANG_WARN_DEPRECATED_OBJC_IMPLEMENTATIONS = YES;
				CLANG_WARN_DIRECT_OBJC_ISA_USAGE = YES_ERROR;
				CLANG_WARN_DOCUMENTATION_COMMENTS = YES;
				CLANG_WARN_EMPTY_BODY = YES;
				CLANG_WARN_ENUM_CONVERSION = YES;
				CLANG_WARN_INFINITE_RECURSION = YES;
				CLANG_WARN_INT_CONVERSION = YES;
				CLANG_WARN_NON_LITERAL_NULL_CONVERSION = YES;
				CLANG_WARN_OBJC_IMPLICIT_RETAIN_SELF = YES;
				CLANG_WARN_OBJC_LITERAL_CONVERSION = YES;
				CLANG_WARN_OBJC_ROOT_CLASS = YES_ERROR;
				CLANG_WARN_QUOTED_INCLUDE_IN_FRAMEWORK_HEADER = YES;
				CLANG_WARN_RANGE_LOOP_ANALYSIS = YES;
				CLANG_WARN_STRICT_PROTOTYPES = YES;
				CLANG_WARN_SUSPICIOUS_MOVE = YES;
				CLANG_WARN_UNGUARDED_AVAILABILITY = YES_AGGRESSIVE;
				CLANG_WARN_UNREACHABLE_CODE = YES;
				CLANG_WARN__DUPLICATE_METHOD_MATCH = YES;
				COPY_PHASE_STRIP = NO;
				DEBUG_INFORMATION_FORMAT = dwarf;
				ENABLE_STRICT_OBJC_MSGSEND = YES;
				ENABLE_TESTABILITY = YES;
				GCC_C_LANGUAGE_STANDARD = gnu11;
				GCC_DYNAMIC_NO_PIC = NO;
				GCC_NO_COMMON_BLOCKS = YES;
				GCC_OPTIMIZATION_LEVEL = 0;
				GCC_PREPROCESSOR_DEFINITIONS = (
					"DEBUG=1",
					"$(inherited)",
				);
				GCC_WARN_64_TO_32_BIT_CONVERSION = YES;
				GCC_WARN_ABOUT_RETURN_TYPE = YES_ERROR;
				GCC_WARN_UNDECLARED_SELECTOR = YES;
				GCC_WARN_UNINITIALIZED_AUTOS = YES_AGGRESSIVE;
				GCC_WARN_UNUSED_FUNCTION = YES;
				GCC_WARN_UNUSED_VARIABLE = YES;
				IPHONEOS_DEPLOYMENT_TARGET = 13.0;
				MTL_ENABLE_DEBUG_INFO = INCLUDE_SOURCE;
				MTL_FAST_MATH = YES;
				ONLY_ACTIVE_ARCH = YES;
				SDKROOT = iphoneos;
				SWIFT_ACTIVE_COMPILATION_CONDITIONS = DEBUG;
				SWIFT_OPTIMIZATION_LEVEL = "-Onone";
			};
			name = Debug;
		};
		E990EA0928FC247500F63D70 /* Release */ = {
			isa = XCBuildConfiguration;
			buildSettings = {
				ALWAYS_SEARCH_USER_PATHS = NO;
				CLANG_ANALYZER_LOCALIZABILITY_NONLOCALIZED = YES;
				CLANG_ANALYZER_NONNULL = YES;
				CLANG_ANALYZER_NUMBER_OBJECT_CONVERSION = YES_AGGRESSIVE;
				CLANG_CXX_LANGUAGE_STANDARD = "gnu++20";
				CLANG_ENABLE_MODULES = YES;
				CLANG_ENABLE_OBJC_ARC = YES;
				CLANG_ENABLE_OBJC_WEAK = YES;
				CLANG_WARN_BLOCK_CAPTURE_AUTORELEASING = YES;
				CLANG_WARN_BOOL_CONVERSION = YES;
				CLANG_WARN_COMMA = YES;
				CLANG_WARN_CONSTANT_CONVERSION = YES;
				CLANG_WARN_DEPRECATED_OBJC_IMPLEMENTATIONS = YES;
				CLANG_WARN_DIRECT_OBJC_ISA_USAGE = YES_ERROR;
				CLANG_WARN_DOCUMENTATION_COMMENTS = YES;
				CLANG_WARN_EMPTY_BODY = YES;
				CLANG_WARN_ENUM_CONVERSION = YES;
				CLANG_WARN_INFINITE_RECURSION = YES;
				CLANG_WARN_INT_CONVERSION = YES;
				CLANG_WARN_NON_LITERAL_NULL_CONVERSION = YES;
				CLANG_WARN_OBJC_IMPLICIT_RETAIN_SELF = YES;
				CLANG_WARN_OBJC_LITERAL_CONVERSION = YES;
				CLANG_WARN_OBJC_ROOT_CLASS = YES_ERROR;
				CLANG_WARN_QUOTED_INCLUDE_IN_FRAMEWORK_HEADER = YES;
				CLANG_WARN_RANGE_LOOP_ANALYSIS = YES;
				CLANG_WARN_STRICT_PROTOTYPES = YES;
				CLANG_WARN_SUSPICIOUS_MOVE = YES;
				CLANG_WARN_UNGUARDED_AVAILABILITY = YES_AGGRESSIVE;
				CLANG_WARN_UNREACHABLE_CODE = YES;
				CLANG_WARN__DUPLICATE_METHOD_MATCH = YES;
				COPY_PHASE_STRIP = NO;
				DEBUG_INFORMATION_FORMAT = "dwarf-with-dsym";
				ENABLE_NS_ASSERTIONS = NO;
				ENABLE_STRICT_OBJC_MSGSEND = YES;
				GCC_C_LANGUAGE_STANDARD = gnu11;
				GCC_NO_COMMON_BLOCKS = YES;
				GCC_WARN_64_TO_32_BIT_CONVERSION = YES;
				GCC_WARN_ABOUT_RETURN_TYPE = YES_ERROR;
				GCC_WARN_UNDECLARED_SELECTOR = YES;
				GCC_WARN_UNINITIALIZED_AUTOS = YES_AGGRESSIVE;
				GCC_WARN_UNUSED_FUNCTION = YES;
				GCC_WARN_UNUSED_VARIABLE = YES;
				IPHONEOS_DEPLOYMENT_TARGET = 13.0;
				MTL_ENABLE_DEBUG_INFO = NO;
				MTL_FAST_MATH = YES;
				SDKROOT = iphoneos;
				SWIFT_COMPILATION_MODE = wholemodule;
				SWIFT_OPTIMIZATION_LEVEL = "-O";
				VALIDATE_PRODUCT = YES;
			};
			name = Release;
		};
		E990EA0B28FC247500F63D70 /* Debug */ = {
			isa = XCBuildConfiguration;
			buildSettings = {
				ASSETCATALOG_COMPILER_APPICON_NAME = AppIcon;
				ASSETCATALOG_COMPILER_GLOBAL_ACCENT_COLOR_NAME = AccentColor;
				CODE_SIGN_STYLE = Automatic;
				CURRENT_PROJECT_VERSION = 1;
				DEVELOPMENT_TEAM = 32VPA6HJ38;
				GENERATE_INFOPLIST_FILE = YES;
				INFOPLIST_FILE = "Lore of Legends/Supporting_files/Info.plist";
				INFOPLIST_KEY_CFBundleDisplayName = "Lore of Legends";
				INFOPLIST_KEY_LSApplicationCategoryType = "public.app-category.entertainment";
				INFOPLIST_KEY_UIApplicationSupportsIndirectInputEvents = YES;
				INFOPLIST_KEY_UILaunchStoryboardName = LaunchScreen.storyboard;
				INFOPLIST_KEY_UIMainStoryboardFile = Main;
				INFOPLIST_KEY_UIStatusBarStyle = UIStatusBarStyleLightContent;
				INFOPLIST_KEY_UISupportedInterfaceOrientations = "UIInterfaceOrientationLandscapeLeft UIInterfaceOrientationLandscapeRight UIInterfaceOrientationPortrait";
				LD_RUNPATH_SEARCH_PATHS = (
					"$(inherited)",
					"@executable_path/Frameworks",
				);
				MARKETING_VERSION = 1.0;
				PRODUCT_BUNDLE_IDENTIFIER = "com.bertranddalleau.Lore-of-Legends";
				PRODUCT_NAME = "$(TARGET_NAME)";
				SWIFT_EMIT_LOC_STRINGS = YES;
				SWIFT_VERSION = 5.0;
				TARGETED_DEVICE_FAMILY = "1,2";
			};
			name = Debug;
		};
		E990EA0C28FC247500F63D70 /* Release */ = {
			isa = XCBuildConfiguration;
			buildSettings = {
				ASSETCATALOG_COMPILER_APPICON_NAME = AppIcon;
				ASSETCATALOG_COMPILER_GLOBAL_ACCENT_COLOR_NAME = AccentColor;
				CODE_SIGN_STYLE = Automatic;
				CURRENT_PROJECT_VERSION = 1;
				DEVELOPMENT_TEAM = 32VPA6HJ38;
				GENERATE_INFOPLIST_FILE = YES;
				INFOPLIST_FILE = "Lore of Legends/Supporting_files/Info.plist";
				INFOPLIST_KEY_CFBundleDisplayName = "Lore of Legends";
				INFOPLIST_KEY_LSApplicationCategoryType = "public.app-category.entertainment";
				INFOPLIST_KEY_UIApplicationSupportsIndirectInputEvents = YES;
				INFOPLIST_KEY_UILaunchStoryboardName = LaunchScreen.storyboard;
				INFOPLIST_KEY_UIMainStoryboardFile = Main;
				INFOPLIST_KEY_UIStatusBarStyle = UIStatusBarStyleLightContent;
				INFOPLIST_KEY_UISupportedInterfaceOrientations = "UIInterfaceOrientationLandscapeLeft UIInterfaceOrientationLandscapeRight UIInterfaceOrientationPortrait";
				LD_RUNPATH_SEARCH_PATHS = (
					"$(inherited)",
					"@executable_path/Frameworks",
				);
				MARKETING_VERSION = 1.0;
				PRODUCT_BUNDLE_IDENTIFIER = "com.bertranddalleau.Lore-of-Legends";
				PRODUCT_NAME = "$(TARGET_NAME)";
				SWIFT_EMIT_LOC_STRINGS = YES;
				SWIFT_VERSION = 5.0;
				TARGETED_DEVICE_FAMILY = "1,2";
			};
			name = Release;
		};
/* End XCBuildConfiguration section */

/* Begin XCConfigurationList section */
		E93B364D28FC3590003BB0A3 /* Build configuration list for PBXNativeTarget "Lore-of-LegendsTests" */ = {
			isa = XCConfigurationList;
			buildConfigurations = (
				E93B364E28FC3590003BB0A3 /* Debug */,
				E93B364F28FC3590003BB0A3 /* Release */,
			);
			defaultConfigurationIsVisible = 0;
			defaultConfigurationName = Release;
		};
		E990E9F128FC247300F63D70 /* Build configuration list for PBXProject "Lore-of-Legends" */ = {
			isa = XCConfigurationList;
			buildConfigurations = (
				E990EA0828FC247500F63D70 /* Debug */,
				E990EA0928FC247500F63D70 /* Release */,
			);
			defaultConfigurationIsVisible = 0;
			defaultConfigurationName = Release;
		};
		E990EA0A28FC247500F63D70 /* Build configuration list for PBXNativeTarget "Lore-of-Legends" */ = {
			isa = XCConfigurationList;
			buildConfigurations = (
				E990EA0B28FC247500F63D70 /* Debug */,
				E990EA0C28FC247500F63D70 /* Release */,
			);
			defaultConfigurationIsVisible = 0;
			defaultConfigurationName = Release;
		};
/* End XCConfigurationList section */
	};
	rootObject = E990E9EE28FC247300F63D70 /* Project object */;
}
